// !$*UTF8*$!
{
	archiveVersion = 1;
	classes = {
	};
	objectVersion = 50;
	objects = {

/* Begin PBXBuildFile section */
		A50B5E42222497F00096051E /* AppDelegate.swift in Sources */ = {isa = PBXBuildFile; fileRef = A50B5E41222497F00096051E /* AppDelegate.swift */; };
		A50B5E44222497F00096051E /* ViewController.swift in Sources */ = {isa = PBXBuildFile; fileRef = A50B5E43222497F00096051E /* ViewController.swift */; };
		A50B5E47222497F00096051E /* Main.storyboard in Resources */ = {isa = PBXBuildFile; fileRef = A50B5E45222497F00096051E /* Main.storyboard */; };
		A50B5E49222497F10096051E /* Assets.xcassets in Resources */ = {isa = PBXBuildFile; fileRef = A50B5E48222497F10096051E /* Assets.xcassets */; };
		A50B5E4C222497F10096051E /* LaunchScreen.storyboard in Resources */ = {isa = PBXBuildFile; fileRef = A50B5E4A222497F10096051E /* LaunchScreen.storyboard */; };
		A50B5E57222497F10096051E /* StudentListTests.swift in Sources */ = {isa = PBXBuildFile; fileRef = A50B5E56222497F10096051E /* StudentListTests.swift */; };
		A50B5E62222497F10096051E /* StudentListUITests.swift in Sources */ = {isa = PBXBuildFile; fileRef = A50B5E61222497F10096051E /* StudentListUITests.swift */; };
/* End PBXBuildFile section */

/* Begin PBXContainerItemProxy section */
		A50B5E53222497F10096051E /* PBXContainerItemProxy */ = {
			isa = PBXContainerItemProxy;
			containerPortal = A50B5E36222497F00096051E /* Project object */;
			proxyType = 1;
			remoteGlobalIDString = A50B5E3D222497F00096051E;
			remoteInfo = StudentList;
		};
		A50B5E5E222497F10096051E /* PBXContainerItemProxy */ = {
			isa = PBXContainerItemProxy;
			containerPortal = A50B5E36222497F00096051E /* Project object */;
			proxyType = 1;
			remoteGlobalIDString = A50B5E3D222497F00096051E;
			remoteInfo = StudentList;
		};
/* End PBXContainerItemProxy section */

/* Begin PBXFileReference section */
		A50B5E3E222497F00096051E /* StudentList.app */ = {isa = PBXFileReference; explicitFileType = wrapper.application; includeInIndex = 0; path = StudentList.app; sourceTree = BUILT_PRODUCTS_DIR; };
		A50B5E41222497F00096051E /* AppDelegate.swift */ = {isa = PBXFileReference; lastKnownFileType = sourcecode.swift; path = AppDelegate.swift; sourceTree = "<group>"; };
		A50B5E43222497F00096051E /* ViewController.swift */ = {isa = PBXFileReference; lastKnownFileType = sourcecode.swift; path = ViewController.swift; sourceTree = "<group>"; };
		A50B5E46222497F00096051E /* Base */ = {isa = PBXFileReference; lastKnownFileType = file.storyboard; name = Base; path = Base.lproj/Main.storyboard; sourceTree = "<group>"; };
		A50B5E48222497F10096051E /* Assets.xcassets */ = {isa = PBXFileReference; lastKnownFileType = folder.assetcatalog; path = Assets.xcassets; sourceTree = "<group>"; };
		A50B5E4B222497F10096051E /* Base */ = {isa = PBXFileReference; lastKnownFileType = file.storyboard; name = Base; path = Base.lproj/LaunchScreen.storyboard; sourceTree = "<group>"; };
		A50B5E4D222497F10096051E /* Info.plist */ = {isa = PBXFileReference; lastKnownFileType = text.plist.xml; path = Info.plist; sourceTree = "<group>"; };
		A50B5E52222497F10096051E /* StudentListTests.xctest */ = {isa = PBXFileReference; explicitFileType = wrapper.cfbundle; includeInIndex = 0; path = StudentListTests.xctest; sourceTree = BUILT_PRODUCTS_DIR; };
		A50B5E56222497F10096051E /* StudentListTests.swift */ = {isa = PBXFileReference; lastKnownFileType = sourcecode.swift; path = StudentListTests.swift; sourceTree = "<group>"; };
		A50B5E58222497F10096051E /* Info.plist */ = {isa = PBXFileReference; lastKnownFileType = text.plist.xml; path = Info.plist; sourceTree = "<group>"; };
		A50B5E5D222497F10096051E /* StudentListUITests.xctest */ = {isa = PBXFileReference; explicitFileType = wrapper.cfbundle; includeInIndex = 0; path = StudentListUITests.xctest; sourceTree = BUILT_PRODUCTS_DIR; };
		A50B5E61222497F10096051E /* StudentListUITests.swift */ = {isa = PBXFileReference; lastKnownFileType = sourcecode.swift; path = StudentListUITests.swift; sourceTree = "<group>"; };
		A50B5E63222497F10096051E /* Info.plist */ = {isa = PBXFileReference; lastKnownFileType = text.plist.xml; path = Info.plist; sourceTree = "<group>"; };
/* End PBXFileReference section */

/* Begin PBXFrameworksBuildPhase section */
		A50B5E3B222497F00096051E /* Frameworks */ = {
			isa = PBXFrameworksBuildPhase;
			buildActionMask = 2147483647;
			files = (
			);
			runOnlyForDeploymentPostprocessing = 0;
		};
		A50B5E4F222497F10096051E /* Frameworks */ = {
			isa = PBXFrameworksBuildPhase;
			buildActionMask = 2147483647;
			files = (
			);
			runOnlyForDeploymentPostprocessing = 0;
		};
		A50B5E5A222497F10096051E /* Frameworks */ = {
			isa = PBXFrameworksBuildPhase;
			buildActionMask = 2147483647;
			files = (
			);
			runOnlyForDeploymentPostprocessing = 0;
		};
/* End PBXFrameworksBuildPhase section */

/* Begin PBXGroup section */
		A50B5E35222497F00096051E = {
			isa = PBXGroup;
			children = (
				A50B5E40222497F00096051E /* StudentList */,
				A50B5E55222497F10096051E /* StudentListTests */,
				A50B5E60222497F10096051E /* StudentListUITests */,
				A50B5E3F222497F00096051E /* Products */,
			);
			sourceTree = "<group>";
		};
		A50B5E3F222497F00096051E /* Products */ = {
			isa = PBXGroup;
			children = (
				A50B5E3E222497F00096051E /* StudentList.app */,
				A50B5E52222497F10096051E /* StudentListTests.xctest */,
				A50B5E5D222497F10096051E /* StudentListUITests.xctest */,
			);
			name = Products;
			sourceTree = "<group>";
		};
		A50B5E40222497F00096051E /* StudentList */ = {
			isa = PBXGroup;
			children = (
				A50B5E41222497F00096051E /* AppDelegate.swift */,
				A50B5E43222497F00096051E /* ViewController.swift */,
				A50B5E45222497F00096051E /* Main.storyboard */,
				A50B5E48222497F10096051E /* Assets.xcassets */,
				A50B5E4A222497F10096051E /* LaunchScreen.storyboard */,
				A50B5E4D222497F10096051E /* Info.plist */,
			);
			path = StudentList;
			sourceTree = "<group>";
		};
		A50B5E55222497F10096051E /* StudentListTests */ = {
			isa = PBXGroup;
			children = (
				A50B5E56222497F10096051E /* StudentListTests.swift */,
				A50B5E58222497F10096051E /* Info.plist */,
			);
			path = StudentListTests;
			sourceTree = "<group>";
		};
		A50B5E60222497F10096051E /* StudentListUITests */ = {
			isa = PBXGroup;
			children = (
				A50B5E61222497F10096051E /* StudentListUITests.swift */,
				A50B5E63222497F10096051E /* Info.plist */,
			);
			path = StudentListUITests;
			sourceTree = "<group>";
		};
/* End PBXGroup section */

/* Begin PBXNativeTarget section */
		A50B5E3D222497F00096051E /* StudentList */ = {
			isa = PBXNativeTarget;
			buildConfigurationList = A50B5E66222497F10096051E /* Build configuration list for PBXNativeTarget "StudentList" */;
			buildPhases = (
				A50B5E3A222497F00096051E /* Sources */,
				A50B5E3B222497F00096051E /* Frameworks */,
				A50B5E3C222497F00096051E /* Resources */,
			);
			buildRules = (
			);
			dependencies = (
			);
			name = StudentList;
			productName = StudentList;
			productReference = A50B5E3E222497F00096051E /* StudentList.app */;
			productType = "com.apple.product-type.application";
		};
		A50B5E51222497F10096051E /* StudentListTests */ = {
			isa = PBXNativeTarget;
			buildConfigurationList = A50B5E69222497F10096051E /* Build configuration list for PBXNativeTarget "StudentListTests" */;
			buildPhases = (
				A50B5E4E222497F10096051E /* Sources */,
				A50B5E4F222497F10096051E /* Frameworks */,
				A50B5E50222497F10096051E /* Resources */,
			);
			buildRules = (
			);
			dependencies = (
				A50B5E54222497F10096051E /* PBXTargetDependency */,
			);
			name = StudentListTests;
			productName = StudentListTests;
			productReference = A50B5E52222497F10096051E /* StudentListTests.xctest */;
			productType = "com.apple.product-type.bundle.unit-test";
		};
		A50B5E5C222497F10096051E /* StudentListUITests */ = {
			isa = PBXNativeTarget;
			buildConfigurationList = A50B5E6C222497F10096051E /* Build configuration list for PBXNativeTarget "StudentListUITests" */;
			buildPhases = (
				A50B5E59222497F10096051E /* Sources */,
				A50B5E5A222497F10096051E /* Frameworks */,
				A50B5E5B222497F10096051E /* Resources */,
			);
			buildRules = (
			);
			dependencies = (
				A50B5E5F222497F10096051E /* PBXTargetDependency */,
			);
			name = StudentListUITests;
			productName = StudentListUITests;
			productReference = A50B5E5D222497F10096051E /* StudentListUITests.xctest */;
			productType = "com.apple.product-type.bundle.ui-testing";
		};
/* End PBXNativeTarget section */

/* Begin PBXProject section */
		A50B5E36222497F00096051E /* Project object */ = {
			isa = PBXProject;
			attributes = {
				LastSwiftUpdateCheck = 1010;
				LastUpgradeCheck = 1010;
				ORGANIZATIONNAME = user150412;
				TargetAttributes = {
					A50B5E3D222497F00096051E = {
						CreatedOnToolsVersion = 10.1;
					};
					A50B5E51222497F10096051E = {
						CreatedOnToolsVersion = 10.1;
						TestTargetID = A50B5E3D222497F00096051E;
					};
					A50B5E5C222497F10096051E = {
						CreatedOnToolsVersion = 10.1;
						TestTargetID = A50B5E3D222497F00096051E;
					};
				};
			};
			buildConfigurationList = A50B5E39222497F00096051E /* Build configuration list for PBXProject "StudentList" */;
			compatibilityVersion = "Xcode 9.3";
			developmentRegion = en;
			hasScannedForEncodings = 0;
			knownRegions = (
				en,
				Base,
			);
			mainGroup = A50B5E35222497F00096051E;
			productRefGroup = A50B5E3F222497F00096051E /* Products */;
			projectDirPath = "";
			projectRoot = "";
			targets = (
				A50B5E3D222497F00096051E /* StudentList */,
				A50B5E51222497F10096051E /* StudentListTests */,
				A50B5E5C222497F10096051E /* StudentListUITests */,
			);
		};
/* End PBXProject section */

/* Begin PBXResourcesBuildPhase section */
		A50B5E3C222497F00096051E /* Resources */ = {
			isa = PBXResourcesBuildPhase;
			buildActionMask = 2147483647;
			files = (
				A50B5E4C222497F10096051E /* LaunchScreen.storyboard in Resources */,
				A50B5E49222497F10096051E /* Assets.xcassets in Resources */,
				A50B5E47222497F00096051E /* Main.storyboard in Resources */,
			);
			runOnlyForDeploymentPostprocessing = 0;
		};
		A50B5E50222497F10096051E /* Resources */ = {
			isa = PBXResourcesBuildPhase;
			buildActionMask = 2147483647;
			files = (
			);
			runOnlyForDeploymentPostprocessing = 0;
		};
		A50B5E5B222497F10096051E /* Resources */ = {
			isa = PBXResourcesBuildPhase;
			buildActionMask = 2147483647;
			files = (
			);
			runOnlyForDeploymentPostprocessing = 0;
		};
/* End PBXResourcesBuildPhase section */

/* Begin PBXSourcesBuildPhase section */
		A50B5E3A222497F00096051E /* Sources */ = {
			isa = PBXSourcesBuildPhase;
			buildActionMask = 2147483647;
			files = (
				A50B5E44222497F00096051E /* ViewController.swift in Sources */,
				A50B5E42222497F00096051E /* AppDelegate.swift in Sources */,
			);
			runOnlyForDeploymentPostprocessing = 0;
		};
		A50B5E4E222497F10096051E /* Sources */ = {
			isa = PBXSourcesBuildPhase;
			buildActionMask = 2147483647;
			files = (
				A50B5E57222497F10096051E /* StudentListTests.swift in Sources */,
			);
			runOnlyForDeploymentPostprocessing = 0;
		};
		A50B5E59222497F10096051E /* Sources */ = {
			isa = PBXSourcesBuildPhase;
			buildActionMask = 2147483647;
			files = (
				A50B5E62222497F10096051E /* StudentListUITests.swift in Sources */,
			);
			runOnlyForDeploymentPostprocessing = 0;
		};
/* End PBXSourcesBuildPhase section */

/* Begin PBXTargetDependency section */
		A50B5E54222497F10096051E /* PBXTargetDependency */ = {
			isa = PBXTargetDependency;
			target = A50B5E3D222497F00096051E /* StudentList */;
			targetProxy = A50B5E53222497F10096051E /* PBXContainerItemProxy */;
		};
		A50B5E5F222497F10096051E /* PBXTargetDependency */ = {
			isa = PBXTargetDependency;
			target = A50B5E3D222497F00096051E /* StudentList */;
			targetProxy = A50B5E5E222497F10096051E /* PBXContainerItemProxy */;
		};
/* End PBXTargetDependency section */

/* Begin PBXVariantGroup section */
		A50B5E45222497F00096051E /* Main.storyboard */ = {
			isa = PBXVariantGroup;
			children = (
				A50B5E46222497F00096051E /* Base */,
			);
			name = Main.storyboard;
			sourceTree = "<group>";
		};
		A50B5E4A222497F10096051E /* LaunchScreen.storyboard */ = {
			isa = PBXVariantGroup;
			children = (
				A50B5E4B222497F10096051E /* Base */,
			);
			name = LaunchScreen.storyboard;
			sourceTree = "<group>";
		};
/* End PBXVariantGroup section */

/* Begin XCBuildConfiguration section */
		A50B5E64222497F10096051E /* Debug */ = {
			isa = XCBuildConfiguration;
			buildSettings = {
				ALWAYS_SEARCH_USER_PATHS = NO;
				CLANG_ANALYZER_NONNULL = YES;
				CLANG_ANALYZER_NUMBER_OBJECT_CONVERSION = YES_AGGRESSIVE;
				CLANG_CXX_LANGUAGE_STANDARD = "gnu++14";
				CLANG_CXX_LIBRARY = "libc++";
				CLANG_ENABLE_MODULES = YES;
				CLANG_ENABLE_OBJC_ARC = YES;
				CLANG_ENABLE_OBJC_WEAK = YES;
				CLANG_WARN_BLOCK_CAPTURE_AUTORELEASING = YES;
				CLANG_WARN_BOOL_CONVERSION = YES;
				CLANG_WARN_COMMA = YES;
				CLANG_WARN_CONSTANT_CONVERSION = YES;
				CLANG_WARN_DEPRECATED_OBJC_IMPLEMENTATIONS = YES;
				CLANG_WARN_DIRECT_OBJC_ISA_USAGE = YES_ERROR;
				CLANG_WARN_DOCUMENTATION_COMMENTS = YES;
				CLANG_WARN_EMPTY_BODY = YES;
				CLANG_WARN_ENUM_CONVERSION = YES;
				CLANG_WARN_INFINITE_RECURSION = YES;
				CLANG_WARN_INT_CONVERSION = YES;
				CLANG_WARN_NON_LITERAL_NULL_CONVERSION = YES;
				CLANG_WARN_OBJC_IMPLICIT_RETAIN_SELF = YES;
				CLANG_WARN_OBJC_LITERAL_CONVERSION = YES;
				CLANG_WARN_OBJC_ROOT_CLASS = YES_ERROR;
				CLANG_WARN_RANGE_LOOP_ANALYSIS = YES;
				CLANG_WARN_STRICT_PROTOTYPES = YES;
				CLANG_WARN_SUSPICIOUS_MOVE = YES;
				CLANG_WARN_UNGUARDED_AVAILABILITY = YES_AGGRESSIVE;
				CLANG_WARN_UNREACHABLE_CODE = YES;
				CLANG_WARN__DUPLICATE_METHOD_MATCH = YES;
				CODE_SIGN_IDENTITY = "iPhone Developer";
				COPY_PHASE_STRIP = NO;
				DEBUG_INFORMATION_FORMAT = dwarf;
				ENABLE_STRICT_OBJC_MSGSEND = YES;
				ENABLE_TESTABILITY = YES;
				GCC_C_LANGUAGE_STANDARD = gnu11;
				GCC_DYNAMIC_NO_PIC = NO;
				GCC_NO_COMMON_BLOCKS = YES;
				GCC_OPTIMIZATION_LEVEL = 0;
				GCC_PREPROCESSOR_DEFINITIONS = (
					"DEBUG=1",
					"$(inherited)",
				);
				GCC_WARN_64_TO_32_BIT_CONVERSION = YES;
				GCC_WARN_ABOUT_RETURN_TYPE = YES_ERROR;
				GCC_WARN_UNDECLARED_SELECTOR = YES;
				GCC_WARN_UNINITIALIZED_AUTOS = YES_AGGRESSIVE;
				GCC_WARN_UNUSED_FUNCTION = YES;
				GCC_WARN_UNUSED_VARIABLE = YES;
				IPHONEOS_DEPLOYMENT_TARGET = 12.1;
				MTL_ENABLE_DEBUG_INFO = INCLUDE_SOURCE;
				MTL_FAST_MATH = YES;
				ONLY_ACTIVE_ARCH = YES;
				SDKROOT = iphoneos;
				SWIFT_ACTIVE_COMPILATION_CONDITIONS = DEBUG;
				SWIFT_OPTIMIZATION_LEVEL = "-Onone";
			};
			name = Debug;
		};
		A50B5E65222497F10096051E /* Release */ = {
			isa = XCBuildConfiguration;
			buildSettings = {
				ALWAYS_SEARCH_USER_PATHS = NO;
				CLANG_ANALYZER_NONNULL = YES;
				CLANG_ANALYZER_NUMBER_OBJECT_CONVERSION = YES_AGGRESSIVE;
				CLANG_CXX_LANGUAGE_STANDARD = "gnu++14";
				CLANG_CXX_LIBRARY = "libc++";
				CLANG_ENABLE_MODULES = YES;
				CLANG_ENABLE_OBJC_ARC = YES;
				CLANG_ENABLE_OBJC_WEAK = YES;
				CLANG_WARN_BLOCK_CAPTURE_AUTORELEASING = YES;
				CLANG_WARN_BOOL_CONVERSION = YES;
				CLANG_WARN_COMMA = YES;
				CLANG_WARN_CONSTANT_CONVERSION = YES;
				CLANG_WARN_DEPRECATED_OBJC_IMPLEMENTATIONS = YES;
				CLANG_WARN_DIRECT_OBJC_ISA_USAGE = YES_ERROR;
				CLANG_WARN_DOCUMENTATION_COMMENTS = YES;
				CLANG_WARN_EMPTY_BODY = YES;
				CLANG_WARN_ENUM_CONVERSION = YES;
				CLANG_WARN_INFINITE_RECURSION = YES;
				CLANG_WARN_INT_CONVERSION = YES;
				CLANG_WARN_NON_LITERAL_NULL_CONVERSION = YES;
				CLANG_WARN_OBJC_IMPLICIT_RETAIN_SELF = YES;
				CLANG_WARN_OBJC_LITERAL_CONVERSION = YES;
				CLANG_WARN_OBJC_ROOT_CLASS = YES_ERROR;
				CLANG_WARN_RANGE_LOOP_ANALYSIS = YES;
				CLANG_WARN_STRICT_PROTOTYPES = YES;
				CLANG_WARN_SUSPICIOUS_MOVE = YES;
				CLANG_WARN_UNGUARDED_AVAILABILITY = YES_AGGRESSIVE;
				CLANG_WARN_UNREACHABLE_CODE = YES;
				CLANG_WARN__DUPLICATE_METHOD_MATCH = YES;
				CODE_SIGN_IDENTITY = "iPhone Developer";
				COPY_PHASE_STRIP = NO;
				DEBUG_INFORMATION_FORMAT = "dwarf-with-dsym";
				ENABLE_NS_ASSERTIONS = NO;
				ENABLE_STRICT_OBJC_MSGSEND = YES;
				GCC_C_LANGUAGE_STANDARD = gnu11;
				GCC_NO_COMMON_BLOCKS = YES;
				GCC_WARN_64_TO_32_BIT_CONVERSION = YES;
				GCC_WARN_ABOUT_RETURN_TYPE = YES_ERROR;
				GCC_WARN_UNDECLARED_SELECTOR = YES;
				GCC_WARN_UNINITIALIZED_AUTOS = YES_AGGRESSIVE;
				GCC_WARN_UNUSED_FUNCTION = YES;
				GCC_WARN_UNUSED_VARIABLE = YES;
				IPHONEOS_DEPLOYMENT_TARGET = 12.1;
				MTL_ENABLE_DEBUG_INFO = NO;
				MTL_FAST_MATH = YES;
				SDKROOT = iphoneos;
				SWIFT_COMPILATION_MODE = wholemodule;
				SWIFT_OPTIMIZATION_LEVEL = "-O";
				VALIDATE_PRODUCT = YES;
			};
			name = Release;
		};
		A50B5E67222497F10096051E /* Debug */ = {
			isa = XCBuildConfiguration;
			buildSettings = {
				ASSETCATALOG_COMPILER_APPICON_NAME = AppIcon;
				CODE_SIGN_STYLE = Automatic;
				INFOPLIST_FILE = StudentList/Info.plist;
				LD_RUNPATH_SEARCH_PATHS = (
					"$(inherited)",
					"@executable_path/Frameworks",
				);
				PRODUCT_BUNDLE_IDENTIFIER = henry.StudentList;
				PRODUCT_NAME = "$(TARGET_NAME)";
				SWIFT_VERSION = 4.2;
				TARGETED_DEVICE_FAMILY = "1,2";
			};
			name = Debug;
		};
		A50B5E68222497F10096051E /* Release */ = {
			isa = XCBuildConfiguration;
			buildSettings = {
				ASSETCATALOG_COMPILER_APPICON_NAME = AppIcon;
				CODE_SIGN_STYLE = Automatic;
				INFOPLIST_FILE = StudentList/Info.plist;
				LD_RUNPATH_SEARCH_PATHS = (
					"$(inherited)",
					"@executable_path/Frameworks",
				);
				PRODUCT_BUNDLE_IDENTIFIER = henry.StudentList;
				PRODUCT_NAME = "$(TARGET_NAME)";
				SWIFT_VERSION = 4.2;
				TARGETED_DEVICE_FAMILY = "1,2";
			};
			name = Release;
		};
		A50B5E6A222497F10096051E /* Debug */ = {
			isa = XCBuildConfiguration;
			buildSettings = {
				ALWAYS_EMBED_SWIFT_STANDARD_LIBRARIES = YES;
				BUNDLE_LOADER = "$(TEST_HOST)";
				CODE_SIGN_STYLE = Automatic;
				INFOPLIST_FILE = StudentListTests/Info.plist;
				LD_RUNPATH_SEARCH_PATHS = (
					"$(inherited)",
					"@executable_path/Frameworks",
					"@loader_path/Frameworks",
				);
				PRODUCT_BUNDLE_IDENTIFIER = henry.StudentListTests;
				PRODUCT_NAME = "$(TARGET_NAME)";
				SWIFT_VERSION = 4.2;
				TARGETED_DEVICE_FAMILY = "1,2";
				TEST_HOST = "$(BUILT_PRODUCTS_DIR)/StudentList.app/StudentList";
			};
			name = Debug;
		};
		A50B5E6B222497F10096051E /* Release */ = {
			isa = XCBuildConfiguration;
			buildSettings = {
				ALWAYS_EMBED_SWIFT_STANDARD_LIBRARIES = YES;
				BUNDLE_LOADER = "$(TEST_HOST)";
				CODE_SIGN_STYLE = Automatic;
				INFOPLIST_FILE = StudentListTests/Info.plist;
				LD_RUNPATH_SEARCH_PATHS = (
					"$(inherited)",
					"@executable_path/Frameworks",
					"@loader_path/Frameworks",
				);
				PRODUCT_BUNDLE_IDENTIFIER = henry.StudentListTests;
				PRODUCT_NAME = "$(TARGET_NAME)";
				SWIFT_VERSION = 4.2;
				TARGETED_DEVICE_FAMILY = "1,2";
				TEST_HOST = "$(BUILT_PRODUCTS_DIR)/StudentList.app/StudentList";
			};
			name = Release;
		};
		A50B5E6D222497F10096051E /* Debug */ = {
			isa = XCBuildConfiguration;
			buildSettings = {
				ALWAYS_EMBED_SWIFT_STANDARD_LIBRARIES = YES;
				CODE_SIGN_STYLE = Automatic;
				INFOPLIST_FILE = StudentListUITests/Info.plist;
				LD_RUNPATH_SEARCH_PATHS = (
					"$(inherited)",
					"@executable_path/Frameworks",
					"@loader_path/Frameworks",
				);
				PRODUCT_BUNDLE_IDENTIFIER = henry.StudentListUITests;
				PRODUCT_NAME = "$(TARGET_NAME)";
				SWIFT_VERSION = 4.2;
				TARGETED_DEVICE_FAMILY = "1,2";
				TEST_TARGET_NAME = StudentList;
			};
			name = Debug;
		};
		A50B5E6E222497F10096051E /* Release */ = {
			isa = XCBuildConfiguration;
			buildSettings = {
				ALWAYS_EMBED_SWIFT_STANDARD_LIBRARIES = YES;
				CODE_SIGN_STYLE = Automatic;
				INFOPLIST_FILE = StudentListUITests/Info.plist;
				LD_RUNPATH_SEARCH_PATHS = (
					"$(inherited)",
					"@executable_path/Frameworks",
					"@loader_path/Frameworks",
				);
				PRODUCT_BUNDLE_IDENTIFIER = henry.StudentListUITests;
				PRODUCT_NAME = "$(TARGET_NAME)";
				SWIFT_VERSION = 4.2;
				TARGETED_DEVICE_FAMILY = "1,2";
				TEST_TARGET_NAME = StudentList;
			};
			name = Release;
		};
/* End XCBuildConfiguration section */

/* Begin XCConfigurationList section */
		A50B5E39222497F00096051E /* Build configuration list for PBXProject "StudentList" */ = {
			isa = XCConfigurationList;
			buildConfigurations = (
				A50B5E64222497F10096051E /* Debug */,
				A50B5E65222497F10096051E /* Release */,
			);
			defaultConfigurationIsVisible = 0;
			defaultConfigurationName = Release;
		};
		A50B5E66222497F10096051E /* Build configuration list for PBXNativeTarget "StudentList" */ = {
			isa = XCConfigurationList;
			buildConfigurations = (
				A50B5E67222497F10096051E /* Debug */,
				A50B5E68222497F10096051E /* Release */,
			);
			defaultConfigurationIsVisible = 0;
			defaultConfigurationName = Release;
		};
		A50B5E69222497F10096051E /* Build configuration list for PBXNativeTarget "StudentListTests" */ = {
			isa = XCConfigurationList;
			buildConfigurations = (
				A50B5E6A222497F10096051E /* Debug */,
				A50B5E6B222497F10096051E /* Release */,
			);
			defaultConfigurationIsVisible = 0;
			defaultConfigurationName = Release;
		};
		A50B5E6C222497F10096051E /* Build configuration list for PBXNativeTarget "StudentListUITests" */ = {
			isa = XCConfigurationList;
			buildConfigurations = (
				A50B5E6D222497F10096051E /* Debug */,
				A50B5E6E222497F10096051E /* Release */,
			);
			defaultConfigurationIsVisible = 0;
			defaultConfigurationName = Release;
		};
/* End XCConfigurationList section */
	};
	rootObject = A50B5E36222497F00096051E /* Project object */;
}
